// !$*UTF8*$!
{
	archiveVersion = 1;
	classes = {
	};
	objectVersion = 47;
	objects = {

/* Begin PBXBuildFile section */
		A59F23FC1E26994B007FF222 /* AppDelegate.swift in Sources */ = {isa = PBXBuildFile; fileRef = A59F23FB1E26994B007FF222 /* AppDelegate.swift */; };
		A59F23FE1E26994B007FF222 /* ViewController.swift in Sources */ = {isa = PBXBuildFile; fileRef = A59F23FD1E26994B007FF222 /* ViewController.swift */; };
		A59F24011E26994B007FF222 /* Main.storyboard in Resources */ = {isa = PBXBuildFile; fileRef = A59F23FF1E26994B007FF222 /* Main.storyboard */; };
		A59F24031E26994B007FF222 /* Assets.xcassets in Resources */ = {isa = PBXBuildFile; fileRef = A59F24021E26994B007FF222 /* Assets.xcassets */; };
		A59F24061E26994B007FF222 /* LaunchScreen.storyboard in Resources */ = {isa = PBXBuildFile; fileRef = A59F24041E26994B007FF222 /* LaunchScreen.storyboard */; };
		A59F24371E26A0B0007FF222 /* Constants.swift in Sources */ = {isa = PBXBuildFile; fileRef = A59F24361E26A0B0007FF222 /* Constants.swift */; };
		A59F24391E26A34D007FF222 /* TableViewController.swift in Sources */ = {isa = PBXBuildFile; fileRef = A59F24381E26A34D007FF222 /* TableViewController.swift */; };
		A59F24481E2785F6007FF222 /* THLabel.swift in Sources */ = {isa = PBXBuildFile; fileRef = A59F24461E2785F6007FF222 /* THLabel.swift */; };
/* End PBXBuildFile section */

/* Begin PBXCopyFilesBuildPhase section */
		A59F241C1E2699CD007FF222 /* Embed Frameworks */ = {
			isa = PBXCopyFilesBuildPhase;
			buildActionMask = 2147483647;
			dstPath = "";
			dstSubfolderSpec = 10;
			files = (
			);
			name = "Embed Frameworks";
			runOnlyForDeploymentPostprocessing = 0;
		};
/* End PBXCopyFilesBuildPhase section */

/* Begin PBXFileReference section */
		A59F23F81E26994B007FF222 /* THLabelExample.app */ = {isa = PBXFileReference; explicitFileType = wrapper.application; includeInIndex = 0; path = THLabelExample.app; sourceTree = BUILT_PRODUCTS_DIR; };
		A59F23FB1E26994B007FF222 /* AppDelegate.swift */ = {isa = PBXFileReference; lastKnownFileType = sourcecode.swift; path = AppDelegate.swift; sourceTree = "<group>"; };
		A59F23FD1E26994B007FF222 /* ViewController.swift */ = {isa = PBXFileReference; lastKnownFileType = sourcecode.swift; path = ViewController.swift; sourceTree = "<group>"; };
		A59F24001E26994B007FF222 /* Base */ = {isa = PBXFileReference; lastKnownFileType = file.storyboard; name = Base; path = Base.lproj/Main.storyboard; sourceTree = "<group>"; };
		A59F24021E26994B007FF222 /* Assets.xcassets */ = {isa = PBXFileReference; lastKnownFileType = folder.assetcatalog; path = Assets.xcassets; sourceTree = "<group>"; };
		A59F24051E26994B007FF222 /* Base */ = {isa = PBXFileReference; lastKnownFileType = file.storyboard; name = Base; path = Base.lproj/LaunchScreen.storyboard; sourceTree = "<group>"; };
		A59F24071E26994B007FF222 /* Info.plist */ = {isa = PBXFileReference; lastKnownFileType = text.plist.xml; path = Info.plist; sourceTree = "<group>"; };
		A59F24361E26A0B0007FF222 /* Constants.swift */ = {isa = PBXFileReference; fileEncoding = 4; lastKnownFileType = sourcecode.swift; path = Constants.swift; sourceTree = "<group>"; };
		A59F24381E26A34D007FF222 /* TableViewController.swift */ = {isa = PBXFileReference; fileEncoding = 4; lastKnownFileType = sourcecode.swift; path = TableViewController.swift; sourceTree = "<group>"; };
		A59F24441E2785F6007FF222 /* Info.plist */ = {isa = PBXFileReference; fileEncoding = 4; lastKnownFileType = text.plist.xml; path = Info.plist; sourceTree = "<group>"; };
		A59F24451E2785F6007FF222 /* THLabel.h */ = {isa = PBXFileReference; fileEncoding = 4; lastKnownFileType = sourcecode.c.h; path = THLabel.h; sourceTree = "<group>"; };
		A59F24461E2785F6007FF222 /* THLabel.swift */ = {isa = PBXFileReference; fileEncoding = 4; lastKnownFileType = sourcecode.swift; path = THLabel.swift; sourceTree = "<group>"; };
/* End PBXFileReference section */

/* Begin PBXFrameworksBuildPhase section */
		A59F23F51E26994B007FF222 /* Frameworks */ = {
			isa = PBXFrameworksBuildPhase;
			buildActionMask = 2147483647;
			files = (
			);
			runOnlyForDeploymentPostprocessing = 0;
		};
/* End PBXFrameworksBuildPhase section */

/* Begin PBXGroup section */
		A59F23EF1E26994B007FF222 = {
			isa = PBXGroup;
			children = (
				A59F24431E2785F6007FF222 /* THLabel */,
				A59F23FA1E26994B007FF222 /* THLabelExample */,
				A59F23F91E26994B007FF222 /* Products */,
			);
			sourceTree = "<group>";
		};
		A59F23F91E26994B007FF222 /* Products */ = {
			isa = PBXGroup;
			children = (
				A59F23F81E26994B007FF222 /* THLabelExample.app */,
			);
			name = Products;
			sourceTree = "<group>";
		};
		A59F23FA1E26994B007FF222 /* THLabelExample */ = {
			isa = PBXGroup;
			children = (
				A59F23FB1E26994B007FF222 /* AppDelegate.swift */,
				A59F23FD1E26994B007FF222 /* ViewController.swift */,
				A59F23FF1E26994B007FF222 /* Main.storyboard */,
				A59F24021E26994B007FF222 /* Assets.xcassets */,
				A59F24041E26994B007FF222 /* LaunchScreen.storyboard */,
				A59F24071E26994B007FF222 /* Info.plist */,
				A59F24361E26A0B0007FF222 /* Constants.swift */,
				A59F24381E26A34D007FF222 /* TableViewController.swift */,
			);
			path = THLabelExample;
			sourceTree = "<group>";
		};
		A59F24431E2785F6007FF222 /* THLabel */ = {
			isa = PBXGroup;
			children = (
				A59F24441E2785F6007FF222 /* Info.plist */,
				A59F24451E2785F6007FF222 /* THLabel.h */,
				A59F24461E2785F6007FF222 /* THLabel.swift */,
			);
			name = THLabel;
			path = ../THLabel;
			sourceTree = "<group>";
		};
/* End PBXGroup section */

/* Begin PBXNativeTarget section */
		A59F23F71E26994B007FF222 /* THLabelExample */ = {
			isa = PBXNativeTarget;
			buildConfigurationList = A59F240A1E26994B007FF222 /* Build configuration list for PBXNativeTarget "THLabelExample" */;
			buildPhases = (
				A59F23F41E26994B007FF222 /* Sources */,
				A59F23F51E26994B007FF222 /* Frameworks */,
				A59F23F61E26994B007FF222 /* Resources */,
				A59F241C1E2699CD007FF222 /* Embed Frameworks */,
			);
			buildRules = (
			);
			dependencies = (
			);
			name = THLabelExample;
			productName = THLabelExample;
			productReference = A59F23F81E26994B007FF222 /* THLabelExample.app */;
			productType = "com.apple.product-type.application";
		};
/* End PBXNativeTarget section */

/* Begin PBXProject section */
		A59F23F01E26994B007FF222 /* Project object */ = {
			isa = PBXProject;
			attributes = {
				LastSwiftUpdateCheck = 0820;
				LastUpgradeCheck = 1200;
				ORGANIZATIONNAME = "IGR Software";
				TargetAttributes = {
					A59F23F71E26994B007FF222 = {
						CreatedOnToolsVersion = 8.2.1;
						DevelopmentTeam = DMP42GVPJ3;
						ProvisioningStyle = Automatic;
					};
				};
			};
			buildConfigurationList = A59F23F31E26994B007FF222 /* Build configuration list for PBXProject "THLabelExample" */;
			compatibilityVersion = "Xcode 6.3";
			developmentRegion = English;
			hasScannedForEncodings = 0;
			knownRegions = (
				English,
				en,
				Base,
			);
			mainGroup = A59F23EF1E26994B007FF222;
			productRefGroup = A59F23F91E26994B007FF222 /* Products */;
			projectDirPath = "";
			projectRoot = "";
			targets = (
				A59F23F71E26994B007FF222 /* THLabelExample */,
			);
		};
/* End PBXProject section */

/* Begin PBXResourcesBuildPhase section */
		A59F23F61E26994B007FF222 /* Resources */ = {
			isa = PBXResourcesBuildPhase;
			buildActionMask = 2147483647;
			files = (
				A59F24061E26994B007FF222 /* LaunchScreen.storyboard in Resources */,
				A59F24031E26994B007FF222 /* Assets.xcassets in Resources */,
				A59F24011E26994B007FF222 /* Main.storyboard in Resources */,
			);
			runOnlyForDeploymentPostprocessing = 0;
		};
/* End PBXResourcesBuildPhase section */

/* Begin PBXSourcesBuildPhase section */
		A59F23F41E26994B007FF222 /* Sources */ = {
			isa = PBXSourcesBuildPhase;
			buildActionMask = 2147483647;
			files = (
				A59F23FE1E26994B007FF222 /* ViewController.swift in Sources */,
				A59F23FC1E26994B007FF222 /* AppDelegate.swift in Sources */,
				A59F24391E26A34D007FF222 /* TableViewController.swift in Sources */,
				A59F24371E26A0B0007FF222 /* Constants.swift in Sources */,
				A59F24481E2785F6007FF222 /* THLabel.swift in Sources */,
			);
			runOnlyForDeploymentPostprocessing = 0;
		};
/* End PBXSourcesBuildPhase section */

/* Begin PBXVariantGroup section */
		A59F23FF1E26994B007FF222 /* Main.storyboard */ = {
			isa = PBXVariantGroup;
			children = (
				A59F24001E26994B007FF222 /* Base */,
			);
			name = Main.storyboard;
			sourceTree = "<group>";
		};
		A59F24041E26994B007FF222 /* LaunchScreen.storyboard */ = {
			isa = PBXVariantGroup;
			children = (
				A59F24051E26994B007FF222 /* Base */,
			);
			name = LaunchScreen.storyboard;
			sourceTree = "<group>";
		};
/* End PBXVariantGroup section */

/* Begin XCBuildConfiguration section */
		A59F24081E26994B007FF222 /* Debug */ = {
			isa = XCBuildConfiguration;
			buildSettings = {
				ALWAYS_SEARCH_USER_PATHS = NO;
				CLANG_ANALYZER_LOCALIZABILITY_NONLOCALIZED = YES;
				CLANG_ANALYZER_NONNULL = YES;
				CLANG_CXX_LANGUAGE_STANDARD = "gnu++0x";
				CLANG_CXX_LIBRARY = "libc++";
				CLANG_ENABLE_MODULES = YES;
				CLANG_ENABLE_OBJC_ARC = YES;
				CLANG_WARN_BLOCK_CAPTURE_AUTORELEASING = YES;
				CLANG_WARN_BOOL_CONVERSION = YES;
				CLANG_WARN_COMMA = YES;
				CLANG_WARN_CONSTANT_CONVERSION = YES;
				CLANG_WARN_DEPRECATED_OBJC_IMPLEMENTATIONS = YES;
				CLANG_WARN_DIRECT_OBJC_ISA_USAGE = YES_ERROR;
				CLANG_WARN_DOCUMENTATION_COMMENTS = YES;
				CLANG_WARN_EMPTY_BODY = YES;
				CLANG_WARN_ENUM_CONVERSION = YES;
				CLANG_WARN_INFINITE_RECURSION = YES;
				CLANG_WARN_INT_CONVERSION = YES;
				CLANG_WARN_NON_LITERAL_NULL_CONVERSION = YES;
				CLANG_WARN_OBJC_IMPLICIT_RETAIN_SELF = YES;
				CLANG_WARN_OBJC_LITERAL_CONVERSION = YES;
				CLANG_WARN_OBJC_ROOT_CLASS = YES_ERROR;
				CLANG_WARN_QUOTED_INCLUDE_IN_FRAMEWORK_HEADER = YES;
				CLANG_WARN_RANGE_LOOP_ANALYSIS = YES;
				CLANG_WARN_STRICT_PROTOTYPES = YES;
				CLANG_WARN_SUSPICIOUS_MOVE = YES;
				CLANG_WARN_UNREACHABLE_CODE = YES;
				CLANG_WARN__DUPLICATE_METHOD_MATCH = YES;
				"CODE_SIGN_IDENTITY[sdk=iphoneos*]" = "iPhone Developer";
				COPY_PHASE_STRIP = NO;
				DEBUG_INFORMATION_FORMAT = dwarf;
				ENABLE_STRICT_OBJC_MSGSEND = YES;
				ENABLE_TESTABILITY = YES;
				GCC_C_LANGUAGE_STANDARD = gnu99;
				GCC_DYNAMIC_NO_PIC = NO;
				GCC_NO_COMMON_BLOCKS = YES;
				GCC_OPTIMIZATION_LEVEL = 0;
				GCC_PREPROCESSOR_DEFINITIONS = (
					"DEBUG=1",
					"$(inherited)",
				);
				GCC_WARN_64_TO_32_BIT_CONVERSION = YES;
				GCC_WARN_ABOUT_RETURN_TYPE = YES_ERROR;
				GCC_WARN_UNDECLARED_SELECTOR = YES;
				GCC_WARN_UNINITIALIZED_AUTOS = YES_AGGRESSIVE;
				GCC_WARN_UNUSED_FUNCTION = YES;
				GCC_WARN_UNUSED_VARIABLE = YES;
				IPHONEOS_DEPLOYMENT_TARGET = 12.0;
				MTL_ENABLE_DEBUG_INFO = YES;
				ONLY_ACTIVE_ARCH = YES;
				SDKROOT = iphoneos;
				SWIFT_ACTIVE_COMPILATION_CONDITIONS = DEBUG;
				SWIFT_OPTIMIZATION_LEVEL = "-Onone";
				TARGETED_DEVICE_FAMILY = "1,2";
			};
			name = Debug;
		};
		A59F24091E26994B007FF222 /* Release */ = {
			isa = XCBuildConfiguration;
			buildSettings = {
				ALWAYS_SEARCH_USER_PATHS = NO;
				CLANG_ANALYZER_LOCALIZABILITY_NONLOCALIZED = YES;
				CLANG_ANALYZER_NONNULL = YES;
				CLANG_CXX_LANGUAGE_STANDARD = "gnu++0x";
				CLANG_CXX_LIBRARY = "libc++";
				CLANG_ENABLE_MODULES = YES;
				CLANG_ENABLE_OBJC_ARC = YES;
				CLANG_WARN_BLOCK_CAPTURE_AUTORELEASING = YES;
				CLANG_WARN_BOOL_CONVERSION = YES;
				CLANG_WARN_COMMA = YES;
				CLANG_WARN_CONSTANT_CONVERSION = YES;
				CLANG_WARN_DEPRECATED_OBJC_IMPLEMENTATIONS = YES;
				CLANG_WARN_DIRECT_OBJC_ISA_USAGE = YES_ERROR;
				CLANG_WARN_DOCUMENTATION_COMMENTS = YES;
				CLANG_WARN_EMPTY_BODY = YES;
				CLANG_WARN_ENUM_CONVERSION = YES;
				CLANG_WARN_INFINITE_RECURSION = YES;
				CLANG_WARN_INT_CONVERSION = YES;
				CLANG_WARN_NON_LITERAL_NULL_CONVERSION = YES;
				CLANG_WARN_OBJC_IMPLICIT_RETAIN_SELF = YES;
				CLANG_WARN_OBJC_LITERAL_CONVERSION = YES;
				CLANG_WARN_OBJC_ROOT_CLASS = YES_ERROR;
				CLANG_WARN_QUOTED_INCLUDE_IN_FRAMEWORK_HEADER = YES;
				CLANG_WARN_RANGE_LOOP_ANALYSIS = YES;
				CLANG_WARN_STRICT_PROTOTYPES = YES;
				CLANG_WARN_SUSPICIOUS_MOVE = YES;
				CLANG_WARN_UNREACHABLE_CODE = YES;
				CLANG_WARN__DUPLICATE_METHOD_MATCH = YES;
				"CODE_SIGN_IDENTITY[sdk=iphoneos*]" = "iPhone Developer";
				COPY_PHASE_STRIP = NO;
				DEBUG_INFORMATION_FORMAT = "dwarf-with-dsym";
				ENABLE_NS_ASSERTIONS = NO;
				ENABLE_STRICT_OBJC_MSGSEND = YES;
				GCC_C_LANGUAGE_STANDARD = gnu99;
				GCC_NO_COMMON_BLOCKS = YES;
				GCC_WARN_64_TO_32_BIT_CONVERSION = YES;
				GCC_WARN_ABOUT_RETURN_TYPE = YES_ERROR;
				GCC_WARN_UNDECLARED_SELECTOR = YES;
				GCC_WARN_UNINITIALIZED_AUTOS = YES_AGGRESSIVE;
				GCC_WARN_UNUSED_FUNCTION = YES;
				GCC_WARN_UNUSED_VARIABLE = YES;
				IPHONEOS_DEPLOYMENT_TARGET = 12.0;
				MTL_ENABLE_DEBUG_INFO = NO;
				SDKROOT = iphoneos;
				SWIFT_OPTIMIZATION_LEVEL = "-Owholemodule";
				TARGETED_DEVICE_FAMILY = "1,2";
				VALIDATE_PRODUCT = YES;
			};
			name = Release;
		};
		A59F240B1E26994B007FF222 /* Debug */ = {
			isa = XCBuildConfiguration;
			buildSettings = {
				ALWAYS_EMBED_SWIFT_STANDARD_LIBRARIES = YES;
				ASSETCATALOG_COMPILER_APPICON_NAME = AppIcon;
				DEVELOPMENT_TEAM = DMP42GVPJ3;
				INFOPLIST_FILE = THLabelExample/Info.plist;
				LD_RUNPATH_SEARCH_PATHS = "$(inherited) @executable_path/Frameworks";
				PRODUCT_BUNDLE_IDENTIFIER = com.igrsoft.THLabelExample;
				PRODUCT_NAME = "$(TARGET_NAME)";
				SWIFT_VERSION = 5.0;
			};
			name = Debug;
		};
		A59F240C1E26994B007FF222 /* Release */ = {
			isa = XCBuildConfiguration;
			buildSettings = {
				ALWAYS_EMBED_SWIFT_STANDARD_LIBRARIES = YES;
				ASSETCATALOG_COMPILER_APPICON_NAME = AppIcon;
				DEVELOPMENT_TEAM = DMP42GVPJ3;
				INFOPLIST_FILE = THLabelExample/Info.plist;
				LD_RUNPATH_SEARCH_PATHS = "$(inherited) @executable_path/Frameworks";
				PRODUCT_BUNDLE_IDENTIFIER = com.igrsoft.THLabelExample;
				PRODUCT_NAME = "$(TARGET_NAME)";
				SWIFT_VERSION = 5.0;
			};
			name = Release;
		};
/* End XCBuildConfiguration section */

/* Begin XCConfigurationList section */
		A59F23F31E26994B007FF222 /* Build configuration list for PBXProject "THLabelExample" */ = {
			isa = XCConfigurationList;
			buildConfigurations = (
				A59F24081E26994B007FF222 /* Debug */,
				A59F24091E26994B007FF222 /* Release */,
			);
			defaultConfigurationIsVisible = 0;
			defaultConfigurationName = Release;
		};
		A59F240A1E26994B007FF222 /* Build configuration list for PBXNativeTarget "THLabelExample" */ = {
			isa = XCConfigurationList;
			buildConfigurations = (
				A59F240B1E26994B007FF222 /* Debug */,
				A59F240C1E26994B007FF222 /* Release */,
			);
			defaultConfigurationIsVisible = 0;
			defaultConfigurationName = Release;
		};
/* End XCConfigurationList section */
	};
	rootObject = A59F23F01E26994B007FF222 /* Project object */;
}
